
Microsoft Visual Studio Solution File, Format Version 12.00
# Visual Studio 15
VisualStudioVersion = 15.0.28307.438
MinimumVisualStudioVersion = 10.0.40219.1
Project("{9A19103F-16F7-4668-BE54-9A1E7A4F7556}") = "Backend", "Backend\Backend.csproj", "{80EB6672-E146-4197-9FEA-C81D93B35EA3}"
	ProjectSection(ProjectDependencies) = postProject
		{98B2441E-0298-4FBA-AD5B-BFAA866B7B49} = {98B2441E-0298-4FBA-AD5B-BFAA866B7B49}
	EndProjectSection
EndProject
Project("{9A19103F-16F7-4668-BE54-9A1E7A4F7556}") = "DataLib", "DataLib\DataLib.csproj", "{98B2441E-0298-4FBA-AD5B-BFAA866B7B49}"
EndProject
Project("{9A19103F-16F7-4668-BE54-9A1E7A4F7556}") = "BaseBuilder", "BaseBuilder\BaseBuilder.csproj", "{8158E566-A2FC-4B70-9CE1-96552661FF0E}"
	ProjectSection(ProjectDependencies) = postProject
		{98B2441E-0298-4FBA-AD5B-BFAA866B7B49} = {98B2441E-0298-4FBA-AD5B-BFAA866B7B49}
		{EC29C5FE-E5FE-4608-89A6-AAEC6E5F3E75} = {EC29C5FE-E5FE-4608-89A6-AAEC6E5F3E75}
	EndProjectSection
EndProject
Project("{9A19103F-16F7-4668-BE54-9A1E7A4F7556}") = "UiTestLib", "UiTestLib\UiTestLib.csproj", "{6F4A3F8E-85AD-422C-8943-00B42B91978F}"
EndProject
Project("{9A19103F-16F7-4668-BE54-9A1E7A4F7556}") = "Tests", "Tests\Tests.csproj", "{FBF4EFCC-5B8A-4CA5-B30D-72ABA77CBCC2}"
	ProjectSection(ProjectDependencies) = postProject
		{4654A5F0-CB7A-4E3C-8054-53763F7C8B5C} = {4654A5F0-CB7A-4E3C-8054-53763F7C8B5C}
	EndProjectSection
EndProject
Project("{9A19103F-16F7-4668-BE54-9A1E7A4F7556}") = "ApiTestLib", "ApiTestLib\ApiTestLib.csproj", "{4654A5F0-CB7A-4E3C-8054-53763F7C8B5C}"
	ProjectSection(ProjectDependencies) = postProject
		{98B2441E-0298-4FBA-AD5B-BFAA866B7B49} = {98B2441E-0298-4FBA-AD5B-BFAA866B7B49}
	EndProjectSection
EndProject
Project("{9A19103F-16F7-4668-BE54-9A1E7A4F7556}") = "TestDataLib", "TestDataLib\TestDataLib.csproj", "{EC29C5FE-E5FE-4608-89A6-AAEC6E5F3E75}"
	ProjectSection(ProjectDependencies) = postProject
		{98B2441E-0298-4FBA-AD5B-BFAA866B7B49} = {98B2441E-0298-4FBA-AD5B-BFAA866B7B49}
	EndProjectSection
EndProject
Project("{2150E333-8FDC-42A3-9474-1A3956D46DE8}") = "Docker", "Docker", "{26B54713-E489-414A-B794-F79011574857}"
EndProject
Project("{2150E333-8FDC-42A3-9474-1A3956D46DE8}") = "Build", "Build", "{6DA4ACFA-B049-4979-B697-9FF833B4B2DC}"
EndProject
Project("{2150E333-8FDC-42A3-9474-1A3956D46DE8}") = "Blog", "Blog", "{14A0BDE7-6890-40C1-96BA-2056B0295188}"
	ProjectSection(SolutionItems) = preProject
		Docker\Build\Blog\docker-compose.yml = Docker\Build\Blog\docker-compose.yml
	EndProjectSection
EndProject
Project("{2150E333-8FDC-42A3-9474-1A3956D46DE8}") = "Tests", "Tests", "{09BB23F9-E64D-4858-8779-00FEFD36D6BF}"
	ProjectSection(SolutionItems) = preProject
		Docker\Build\Tests\docker-compose.yml = Docker\Build\Tests\docker-compose.yml
	EndProjectSection
EndProject
Project("{2150E333-8FDC-42A3-9474-1A3956D46DE8}") = "Solution Items", "Solution Items", "{A175E95A-0998-4C61-9716-C93A44E17275}"
	ProjectSection(SolutionItems) = preProject
		publish.bat = publish.bat
	EndProjectSection
EndProject
Project("{2150E333-8FDC-42A3-9474-1A3956D46DE8}") = "Run", "Run", "{9EEFB0C5-5AB2-48F5-B600-E4FF983CB3A6}"
EndProject
Project("{2150E333-8FDC-42A3-9474-1A3956D46DE8}") = "Blog", "Blog", "{C87EBCCD-5159-466B-900B-65D04C9118AE}"
	ProjectSection(SolutionItems) = preProject
		Docker\Run\Blog\docker-compose.yml = Docker\Run\Blog\docker-compose.yml
	EndProjectSection
EndProject
Project("{2150E333-8FDC-42A3-9474-1A3956D46DE8}") = "Tests", "Tests", "{10202EB8-692E-4C4E-82FD-DC39F4954F11}"
	ProjectSection(SolutionItems) = preProject
		Docker\Run\Tests\docker-compose.yml = Docker\Run\Tests\docker-compose.yml
	EndProjectSection
EndProject
Global
	GlobalSection(SolutionConfigurationPlatforms) = preSolution
		Debug|Any CPU = Debug|Any CPU
		Release|Any CPU = Release|Any CPU
	EndGlobalSection
	GlobalSection(ProjectConfigurationPlatforms) = postSolution
		{80EB6672-E146-4197-9FEA-C81D93B35EA3}.Debug|Any CPU.ActiveCfg = Debug|Any CPU
		{80EB6672-E146-4197-9FEA-C81D93B35EA3}.Debug|Any CPU.Build.0 = Debug|Any CPU
		{80EB6672-E146-4197-9FEA-C81D93B35EA3}.Release|Any CPU.ActiveCfg = Release|Any CPU
		{80EB6672-E146-4197-9FEA-C81D93B35EA3}.Release|Any CPU.Build.0 = Release|Any CPU
		{98B2441E-0298-4FBA-AD5B-BFAA866B7B49}.Debug|Any CPU.ActiveCfg = Debug|Any CPU
		{98B2441E-0298-4FBA-AD5B-BFAA866B7B49}.Debug|Any CPU.Build.0 = Debug|Any CPU
		{98B2441E-0298-4FBA-AD5B-BFAA866B7B49}.Release|Any CPU.ActiveCfg = Release|Any CPU
		{98B2441E-0298-4FBA-AD5B-BFAA866B7B49}.Release|Any CPU.Build.0 = Release|Any CPU
		{8158E566-A2FC-4B70-9CE1-96552661FF0E}.Debug|Any CPU.ActiveCfg = Debug|Any CPU
		{8158E566-A2FC-4B70-9CE1-96552661FF0E}.Debug|Any CPU.Build.0 = Debug|Any CPU
		{8158E566-A2FC-4B70-9CE1-96552661FF0E}.Release|Any CPU.ActiveCfg = Release|Any CPU
		{8158E566-A2FC-4B70-9CE1-96552661FF0E}.Release|Any CPU.Build.0 = Release|Any CPU
		{6F4A3F8E-85AD-422C-8943-00B42B91978F}.Debug|Any CPU.ActiveCfg = Debug|Any CPU
		{6F4A3F8E-85AD-422C-8943-00B42B91978F}.Debug|Any CPU.Build.0 = Debug|Any CPU
		{6F4A3F8E-85AD-422C-8943-00B42B91978F}.Release|Any CPU.ActiveCfg = Release|Any CPU
		{6F4A3F8E-85AD-422C-8943-00B42B91978F}.Release|Any CPU.Build.0 = Release|Any CPU
		{FBF4EFCC-5B8A-4CA5-B30D-72ABA77CBCC2}.Debug|Any CPU.ActiveCfg = Debug|Any CPU
		{FBF4EFCC-5B8A-4CA5-B30D-72ABA77CBCC2}.Debug|Any CPU.Build.0 = Debug|Any CPU
		{FBF4EFCC-5B8A-4CA5-B30D-72ABA77CBCC2}.Release|Any CPU.ActiveCfg = Release|Any CPU
		{FBF4EFCC-5B8A-4CA5-B30D-72ABA77CBCC2}.Release|Any CPU.Build.0 = Release|Any CPU
		{4654A5F0-CB7A-4E3C-8054-53763F7C8B5C}.Debug|Any CPU.ActiveCfg = Debug|Any CPU
		{4654A5F0-CB7A-4E3C-8054-53763F7C8B5C}.Debug|Any CPU.Build.0 = Debug|Any CPU
		{4654A5F0-CB7A-4E3C-8054-53763F7C8B5C}.Release|Any CPU.ActiveCfg = Release|Any CPU
		{4654A5F0-CB7A-4E3C-8054-53763F7C8B5C}.Release|Any CPU.Build.0 = Release|Any CPU
		{EC29C5FE-E5FE-4608-89A6-AAEC6E5F3E75}.Debug|Any CPU.ActiveCfg = Debug|Any CPU
		{EC29C5FE-E5FE-4608-89A6-AAEC6E5F3E75}.Debug|Any CPU.Build.0 = Debug|Any CPU
		{EC29C5FE-E5FE-4608-89A6-AAEC6E5F3E75}.Release|Any CPU.ActiveCfg = Release|Any CPU
		{EC29C5FE-E5FE-4608-89A6-AAEC6E5F3E75}.Release|Any CPU.Build.0 = Release|Any CPU
	EndGlobalSection
	GlobalSection(SolutionProperties) = preSolution
		HideSolutionNode = FALSE
	EndGlobalSection
	GlobalSection(NestedProjects) = preSolution
		{6DA4ACFA-B049-4979-B697-9FF833B4B2DC} = {26B54713-E489-414A-B794-F79011574857}
		{14A0BDE7-6890-40C1-96BA-2056B0295188} = {6DA4ACFA-B049-4979-B697-9FF833B4B2DC}
		{09BB23F9-E64D-4858-8779-00FEFD36D6BF} = {6DA4ACFA-B049-4979-B697-9FF833B4B2DC}
		{9EEFB0C5-5AB2-48F5-B600-E4FF983CB3A6} = {26B54713-E489-414A-B794-F79011574857}
		{C87EBCCD-5159-466B-900B-65D04C9118AE} = {9EEFB0C5-5AB2-48F5-B600-E4FF983CB3A6}
		{10202EB8-692E-4C4E-82FD-DC39F4954F11} = {9EEFB0C5-5AB2-48F5-B600-E4FF983CB3A6}
	EndGlobalSection
	GlobalSection(ExtensibilityGlobals) = postSolution
		SolutionGuid = {612A68AD-13BB-487D-937F-3F5D4EF7F57B}
	EndGlobalSection
EndGlobal
